// !$*UTF8*$!
{
	archiveVersion = 1;
	classes = {
	};
	objectVersion = 46;
	objects = {

/* Begin PBXBuildFile section */
		2502F7281986B13B000BE09A /* AppDelegate.m in Sources */ = {isa = PBXBuildFile; fileRef = 2502F7271986B13B000BE09A /* AppDelegate.m */; };
		2502F72E1986B14D000BE09A /* main.m in Sources */ = {isa = PBXBuildFile; fileRef = 2502F7291986B14D000BE09A /* main.m */; };
		2502F7301986B14D000BE09A /* ViewController.m in Sources */ = {isa = PBXBuildFile; fileRef = 2502F72D1986B14D000BE09A /* ViewController.m */; };
		2502F7331986B189000BE09A /* InfoPlist.strings in Resources */ = {isa = PBXBuildFile; fileRef = 2502F7311986B189000BE09A /* InfoPlist.strings */; };
		2502F7381986B1A7000BE09A /* ViewController_iPad.xib in Resources */ = {isa = PBXBuildFile; fileRef = 2502F7341986B1A7000BE09A /* ViewController_iPad.xib */; };
		2502F7391986B1A7000BE09A /* ViewController_iPhone.xib in Resources */ = {isa = PBXBuildFile; fileRef = 2502F7361986B1A7000BE09A /* ViewController_iPhone.xib */; };
		2502F7481986B1C8000BE09A /* btnClear.png in Resources */ = {isa = PBXBuildFile; fileRef = 2502F73A1986B1C8000BE09A /* btnClear.png */; };
		2502F74A1986B1C8000BE09A /* Default-568h@2x.png in Resources */ = {isa = PBXBuildFile; fileRef = 2502F73C1986B1C8000BE09A /* Default-568h@2x.png */; };
		2502F74B1986B1C8000BE09A /* Default-Portrait.png in Resources */ = {isa = PBXBuildFile; fileRef = 2502F73D1986B1C8000BE09A /* Default-Portrait.png */; };
		2502F74C1986B1C8000BE09A /* Default-Portrait@2x.png in Resources */ = {isa = PBXBuildFile; fileRef = 2502F73E1986B1C8000BE09A /* Default-Portrait@2x.png */; };
		2502F74D1986B1C8000BE09A /* Default.png in Resources */ = {isa = PBXBuildFile; fileRef = 2502F73F1986B1C8000BE09A /* Default.png */; };
		2502F74E1986B1C8000BE09A /* Default@2x.png in Resources */ = {isa = PBXBuildFile; fileRef = 2502F7401986B1C8000BE09A /* Default@2x.png */; };
		2502F74F1986B1C8000BE09A /* Icon-72.png in Resources */ = {isa = PBXBuildFile; fileRef = 2502F7411986B1C8000BE09A /* Icon-72.png */; };
		2502F7521986B1C8000BE09A /* icon.png in Resources */ = {isa = PBXBuildFile; fileRef = 2502F7441986B1C8000BE09A /* icon.png */; };
		2502F7531986B1C8000BE09A /* Icon@2x.png in Resources */ = {isa = PBXBuildFile; fileRef = 2502F7451986B1C8000BE09A /* Icon@2x.png */; };
		2502F7581986C3E2000BE09A /* 3591.png in Resources */ = {isa = PBXBuildFile; fileRef = 2502F7561986C3E2000BE09A /* 3591.png */; };
		2502F7591986C3E2000BE09A /* 2531170_191716885000_2.jpg in Resources */ = {isa = PBXBuildFile; fileRef = 2502F7571986C3E2000BE09A /* 2531170_191716885000_2.jpg */; };
		2502F75B1986C5D5000BE09A /* MessageUI.framework in Frameworks */ = {isa = PBXBuildFile; fileRef = 2502F75A1986C5D5000BE09A /* MessageUI.framework */; };
		2519D9EB197F29A5008E2DFC /* CFNetwork.framework in Frameworks */ = {isa = PBXBuildFile; fileRef = 2519D9EA197F29A5008E2DFC /* CFNetwork.framework */; };
		2519D9ED197F29A9008E2DFC /* AVFoundation.framework in Frameworks */ = {isa = PBXBuildFile; fileRef = 2519D9EC197F29A9008E2DFC /* AVFoundation.framework */; };
		2519D9EF197F29B2008E2DFC /* AudioToolbox.framework in Frameworks */ = {isa = PBXBuildFile; fileRef = 2519D9EE197F29B2008E2DFC /* AudioToolbox.framework */; };
		2519D9F1197F29BD008E2DFC /* MediaPlayer.framework in Frameworks */ = {isa = PBXBuildFile; fileRef = 2519D9F0197F29BD008E2DFC /* MediaPlayer.framework */; };
		253E80F51AC249EC00AB2D07 /* Images.xcassets in Resources */ = {isa = PBXBuildFile; fileRef = 253E80F41AC249EC00AB2D07 /* Images.xcassets */; };
		25F004E81DA31C8300422860 /* CoreBluetooth.framework in Frameworks */ = {isa = PBXBuildFile; fileRef = 25F004E71DA31C8300422860 /* CoreBluetooth.framework */; };
		40F1569616F6F22100999E23 /* UIKit.framework in Frameworks */ = {isa = PBXBuildFile; fileRef = 40F1569516F6F22100999E23 /* UIKit.framework */; };
		40F1569816F6F22100999E23 /* Foundation.framework in Frameworks */ = {isa = PBXBuildFile; fileRef = 40F1569716F6F22100999E23 /* Foundation.framework */; };
		40F1569A16F6F22100999E23 /* CoreGraphics.framework in Frameworks */ = {isa = PBXBuildFile; fileRef = 40F1569916F6F22100999E23 /* CoreGraphics.framework */; };
		40F156BB16F6F35C00999E23 /* ExternalAccessory.framework in Frameworks */ = {isa = PBXBuildFile; fileRef = 40F156BA16F6F35C00999E23 /* ExternalAccessory.framework */; };
/* End PBXBuildFile section */

/* Begin PBXCopyFilesBuildPhase section */
		E77A565F1FFE547A00261158 /* Embed Frameworks */ = {
			isa = PBXCopyFilesBuildPhase;
			buildActionMask = 2147483647;
			dstPath = "";
			dstSubfolderSpec = 10;
			files = (
			);
			name = "Embed Frameworks";
			runOnlyForDeploymentPostprocessing = 0;
		};
/* End PBXCopyFilesBuildPhase section */

/* Begin PBXFileReference section */
		2502F7241986B126000BE09A /* IDTechLogo.jpg */ = {isa = PBXFileReference; lastKnownFileType = image.jpeg; name = IDTechLogo.jpg; path = UniPay/img/IDTechLogo.jpg; sourceTree = "<group>"; };
		2502F7261986B13B000BE09A /* AppDelegate.h */ = {isa = PBXFileReference; fileEncoding = 4; lastKnownFileType = sourcecode.c.h; name = AppDelegate.h; path = UniPay/AppDelegate.h; sourceTree = SOURCE_ROOT; };
		2502F7271986B13B000BE09A /* AppDelegate.m */ = {isa = PBXFileReference; fileEncoding = 4; lastKnownFileType = sourcecode.c.objc; name = AppDelegate.m; path = UniPay/AppDelegate.m; sourceTree = SOURCE_ROOT; };
		2502F7291986B14D000BE09A /* main.m */ = {isa = PBXFileReference; fileEncoding = 4; lastKnownFileType = sourcecode.c.objc; name = main.m; path = UniPay/main.m; sourceTree = SOURCE_ROOT; };
		2502F72A1986B14D000BE09A /* UniPay-Info.plist */ = {isa = PBXFileReference; fileEncoding = 4; lastKnownFileType = text.plist.xml; name = "UniPay-Info.plist"; path = "UniPay/UniPay-Info.plist"; sourceTree = SOURCE_ROOT; };
		2502F72B1986B14D000BE09A /* UniPay-Prefix.pch */ = {isa = PBXFileReference; fileEncoding = 4; lastKnownFileType = sourcecode.c.h; name = "UniPay-Prefix.pch"; path = "UniPay/UniPay-Prefix.pch"; sourceTree = SOURCE_ROOT; };
		2502F72C1986B14D000BE09A /* ViewController.h */ = {isa = PBXFileReference; fileEncoding = 4; lastKnownFileType = sourcecode.c.h; name = ViewController.h; path = UniPay/ViewController.h; sourceTree = SOURCE_ROOT; };
		2502F72D1986B14D000BE09A /* ViewController.m */ = {isa = PBXFileReference; fileEncoding = 4; lastKnownFileType = sourcecode.c.objc; name = ViewController.m; path = UniPay/ViewController.m; sourceTree = SOURCE_ROOT; };
		2502F7321986B189000BE09A /* en */ = {isa = PBXFileReference; lastKnownFileType = text.plist.strings; name = en; path = UniPay/en.lproj/InfoPlist.strings; sourceTree = SOURCE_ROOT; };
		2502F7351986B1A7000BE09A /* en */ = {isa = PBXFileReference; lastKnownFileType = file.xib; name = en; path = UniPay/en.lproj/ViewController_iPad.xib; sourceTree = SOURCE_ROOT; };
		2502F7371986B1A7000BE09A /* en */ = {isa = PBXFileReference; lastKnownFileType = file.xib; name = en; path = UniPay/en.lproj/ViewController_iPhone.xib; sourceTree = SOURCE_ROOT; };
		2502F73A1986B1C8000BE09A /* btnClear.png */ = {isa = PBXFileReference; lastKnownFileType = image.png; name = btnClear.png; path = UniPay/img/btnClear.png; sourceTree = SOURCE_ROOT; };
		2502F73C1986B1C8000BE09A /* Default-568h@2x.png */ = {isa = PBXFileReference; lastKnownFileType = image.png; name = "Default-568h@2x.png"; path = "UniPay/img/Default-568h@2x.png"; sourceTree = SOURCE_ROOT; };
		2502F73D1986B1C8000BE09A /* Default-Portrait.png */ = {isa = PBXFileReference; lastKnownFileType = image.png; name = "Default-Portrait.png"; path = "UniPay/img/Default-Portrait.png"; sourceTree = SOURCE_ROOT; };
		2502F73E1986B1C8000BE09A /* Default-Portrait@2x.png */ = {isa = PBXFileReference; lastKnownFileType = image.png; name = "Default-Portrait@2x.png"; path = "UniPay/img/Default-Portrait@2x.png"; sourceTree = SOURCE_ROOT; };
		2502F73F1986B1C8000BE09A /* Default.png */ = {isa = PBXFileReference; lastKnownFileType = image.png; name = Default.png; path = UniPay/img/Default.png; sourceTree = SOURCE_ROOT; };
		2502F7401986B1C8000BE09A /* Default@2x.png */ = {isa = PBXFileReference; lastKnownFileType = image.png; name = "Default@2x.png"; path = "UniPay/img/Default@2x.png"; sourceTree = SOURCE_ROOT; };
		2502F7411986B1C8000BE09A /* Icon-72.png */ = {isa = PBXFileReference; lastKnownFileType = image.png; name = "Icon-72.png"; path = "UniPay/img/Icon-72.png"; sourceTree = SOURCE_ROOT; };
		2502F7441986B1C8000BE09A /* icon.png */ = {isa = PBXFileReference; lastKnownFileType = image.png; name = icon.png; path = UniPay/img/icon.png; sourceTree = SOURCE_ROOT; };
		2502F7451986B1C8000BE09A /* Icon@2x.png */ = {isa = PBXFileReference; lastKnownFileType = image.png; name = "Icon@2x.png"; path = "UniPay/img/Icon@2x.png"; sourceTree = SOURCE_ROOT; };
		2502F7461986B1C8000BE09A /* IDTechLogo.jpg */ = {isa = PBXFileReference; lastKnownFileType = image.jpeg; name = IDTechLogo.jpg; path = UniPay/img/IDTechLogo.jpg; sourceTree = SOURCE_ROOT; };
		2502F7471986B1C8000BE09A /* IDTechLogo.png */ = {isa = PBXFileReference; lastKnownFileType = image.png; name = IDTechLogo.png; path = UniPay/img/IDTechLogo.png; sourceTree = SOURCE_ROOT; };
		2502F7561986C3E2000BE09A /* 3591.png */ = {isa = PBXFileReference; lastKnownFileType = image.png; name = 3591.png; path = UniPay/img/3591.png; sourceTree = SOURCE_ROOT; };
		2502F7571986C3E2000BE09A /* 2531170_191716885000_2.jpg */ = {isa = PBXFileReference; lastKnownFileType = image.jpeg; name = 2531170_191716885000_2.jpg; path = UniPay/img/2531170_191716885000_2.jpg; sourceTree = SOURCE_ROOT; };
		2502F75A1986C5D5000BE09A /* MessageUI.framework */ = {isa = PBXFileReference; lastKnownFileType = wrapper.framework; name = MessageUI.framework; path = System/Library/Frameworks/MessageUI.framework; sourceTree = SDKROOT; };
		2519D9EA197F29A5008E2DFC /* CFNetwork.framework */ = {isa = PBXFileReference; lastKnownFileType = wrapper.framework; name = CFNetwork.framework; path = System/Library/Frameworks/CFNetwork.framework; sourceTree = SDKROOT; };
		2519D9EC197F29A9008E2DFC /* AVFoundation.framework */ = {isa = PBXFileReference; lastKnownFileType = wrapper.framework; name = AVFoundation.framework; path = System/Library/Frameworks/AVFoundation.framework; sourceTree = SDKROOT; };
		2519D9EE197F29B2008E2DFC /* AudioToolbox.framework */ = {isa = PBXFileReference; lastKnownFileType = wrapper.framework; name = AudioToolbox.framework; path = System/Library/Frameworks/AudioToolbox.framework; sourceTree = SDKROOT; };
		2519D9F0197F29BD008E2DFC /* MediaPlayer.framework */ = {isa = PBXFileReference; lastKnownFileType = wrapper.framework; name = MediaPlayer.framework; path = System/Library/Frameworks/MediaPlayer.framework; sourceTree = SDKROOT; };
		253E80F41AC249EC00AB2D07 /* Images.xcassets */ = {isa = PBXFileReference; lastKnownFileType = folder.assetcatalog; path = Images.xcassets; sourceTree = "<group>"; };
		25F004E71DA31C8300422860 /* CoreBluetooth.framework */ = {isa = PBXFileReference; lastKnownFileType = wrapper.framework; name = CoreBluetooth.framework; path = System/Library/Frameworks/CoreBluetooth.framework; sourceTree = SDKROOT; };
		40F1569116F6F22100999E23 /* UniPayIII.app */ = {isa = PBXFileReference; explicitFileType = wrapper.application; includeInIndex = 0; path = UniPayIII.app; sourceTree = BUILT_PRODUCTS_DIR; };
		40F1569516F6F22100999E23 /* UIKit.framework */ = {isa = PBXFileReference; lastKnownFileType = wrapper.framework; name = UIKit.framework; path = System/Library/Frameworks/UIKit.framework; sourceTree = SDKROOT; };
		40F1569716F6F22100999E23 /* Foundation.framework */ = {isa = PBXFileReference; lastKnownFileType = wrapper.framework; name = Foundation.framework; path = System/Library/Frameworks/Foundation.framework; sourceTree = SDKROOT; };
		40F1569916F6F22100999E23 /* CoreGraphics.framework */ = {isa = PBXFileReference; lastKnownFileType = wrapper.framework; name = CoreGraphics.framework; path = System/Library/Frameworks/CoreGraphics.framework; sourceTree = SDKROOT; };
		40F156BA16F6F35C00999E23 /* ExternalAccessory.framework */ = {isa = PBXFileReference; lastKnownFileType = wrapper.framework; name = ExternalAccessory.framework; path = System/Library/Frameworks/ExternalAccessory.framework; sourceTree = SDKROOT; };
		E73741C31FFD7F42006E0E08 /* IDTech.framework */ = {isa = PBXFileReference; lastKnownFileType = wrapper.framework; name = IDTech.framework; path = ClearentPayments/IDTech.framework; sourceTree = "<group>"; };
		E73741C71FFD80C3006E0E08 /* IDTech.framework */ = {isa = PBXFileReference; lastKnownFileType = wrapper.framework; path = IDTech.framework; sourceTree = "<group>"; };
/* End PBXFileReference section */

/* Begin PBXFrameworksBuildPhase section */
		40F1568E16F6F22100999E23 /* Frameworks */ = {
			isa = PBXFrameworksBuildPhase;
			buildActionMask = 2147483647;
			files = (
				25F004E81DA31C8300422860 /* CoreBluetooth.framework in Frameworks */,
				2502F75B1986C5D5000BE09A /* MessageUI.framework in Frameworks */,
				2519D9F1197F29BD008E2DFC /* MediaPlayer.framework in Frameworks */,
				2519D9EF197F29B2008E2DFC /* AudioToolbox.framework in Frameworks */,
				2519D9ED197F29A9008E2DFC /* AVFoundation.framework in Frameworks */,
				2519D9EB197F29A5008E2DFC /* CFNetwork.framework in Frameworks */,
				40F156BB16F6F35C00999E23 /* ExternalAccessory.framework in Frameworks */,
				40F1569616F6F22100999E23 /* UIKit.framework in Frameworks */,
				40F1569816F6F22100999E23 /* Foundation.framework in Frameworks */,
				40F1569A16F6F22100999E23 /* CoreGraphics.framework in Frameworks */,
			);
			runOnlyForDeploymentPostprocessing = 0;
		};
/* End PBXFrameworksBuildPhase section */

/* Begin PBXGroup section */
		4001FC0B188916C600F062F2 /* img */ = {
			isa = PBXGroup;
			children = (
				2502F7561986C3E2000BE09A /* 3591.png */,
				2502F7571986C3E2000BE09A /* 2531170_191716885000_2.jpg */,
				2502F73A1986B1C8000BE09A /* btnClear.png */,
				2502F73C1986B1C8000BE09A /* Default-568h@2x.png */,
				2502F73D1986B1C8000BE09A /* Default-Portrait.png */,
				2502F73E1986B1C8000BE09A /* Default-Portrait@2x.png */,
				2502F73F1986B1C8000BE09A /* Default.png */,
				2502F7401986B1C8000BE09A /* Default@2x.png */,
				2502F7411986B1C8000BE09A /* Icon-72.png */,
				2502F7441986B1C8000BE09A /* icon.png */,
				2502F7451986B1C8000BE09A /* Icon@2x.png */,
				2502F7461986B1C8000BE09A /* IDTechLogo.jpg */,
				2502F7471986B1C8000BE09A /* IDTechLogo.png */,
			);
			path = img;
			sourceTree = "<group>";
		};
		4038D1471714EC920080A63A /* Bin_File */ = {
			isa = PBXGroup;
			children = (
			);
			path = Bin_File;
			sourceTree = "<group>";
		};
		40F1568616F6F22100999E23 = {
			isa = PBXGroup;
			children = (
				253E80F41AC249EC00AB2D07 /* Images.xcassets */,
				2502F7241986B126000BE09A /* IDTechLogo.jpg */,
				40F1569B16F6F22100999E23 /* UniPay */,
				40F1569416F6F22100999E23 /* Frameworks */,
				40F1569216F6F22100999E23 /* Products */,
				E77A56691FFE588400261158 /* Recovered References */,
			);
			sourceTree = "<group>";
		};
		40F1569216F6F22100999E23 /* Products */ = {
			isa = PBXGroup;
			children = (
				40F1569116F6F22100999E23 /* UniPayIII.app */,
			);
			name = Products;
			sourceTree = "<group>";
		};
		40F1569416F6F22100999E23 /* Frameworks */ = {
			isa = PBXGroup;
			children = (
				E73741C71FFD80C3006E0E08 /* IDTech.framework */,
				25F004E71DA31C8300422860 /* CoreBluetooth.framework */,
				2502F75A1986C5D5000BE09A /* MessageUI.framework */,
				2519D9F0197F29BD008E2DFC /* MediaPlayer.framework */,
				2519D9EE197F29B2008E2DFC /* AudioToolbox.framework */,
				2519D9EC197F29A9008E2DFC /* AVFoundation.framework */,
				2519D9EA197F29A5008E2DFC /* CFNetwork.framework */,
				40F156BA16F6F35C00999E23 /* ExternalAccessory.framework */,
				40F1569516F6F22100999E23 /* UIKit.framework */,
				40F1569716F6F22100999E23 /* Foundation.framework */,
				40F1569916F6F22100999E23 /* CoreGraphics.framework */,
			);
			name = Frameworks;
			sourceTree = "<group>";
		};
		40F1569B16F6F22100999E23 /* UniPay */ = {
			isa = PBXGroup;
			children = (
				2502F7311986B189000BE09A /* InfoPlist.strings */,
				2502F7291986B14D000BE09A /* main.m */,
				2502F72A1986B14D000BE09A /* UniPay-Info.plist */,
				2502F72B1986B14D000BE09A /* UniPay-Prefix.pch */,
				2502F7341986B1A7000BE09A /* ViewController_iPad.xib */,
				2502F7361986B1A7000BE09A /* ViewController_iPhone.xib */,
				2502F72C1986B14D000BE09A /* ViewController.h */,
				2502F72D1986B14D000BE09A /* ViewController.m */,
				2502F7261986B13B000BE09A /* AppDelegate.h */,
				2502F7271986B13B000BE09A /* AppDelegate.m */,
				4038D1471714EC920080A63A /* Bin_File */,
				40F1569C16F6F22100999E23 /* Supporting Files */,
			);
			name = UniPay;
			path = BTPay200;
			sourceTree = "<group>";
		};
		40F1569C16F6F22100999E23 /* Supporting Files */ = {
			isa = PBXGroup;
			children = (
				4001FC0B188916C600F062F2 /* img */,
			);
			name = "Supporting Files";
			sourceTree = "<group>";
		};
		E77A56691FFE588400261158 /* Recovered References */ = {
			isa = PBXGroup;
			children = (
				E73741C31FFD7F42006E0E08 /* IDTech.framework */,
			);
			name = "Recovered References";
			sourceTree = "<group>";
		};
/* End PBXGroup section */

/* Begin PBXNativeTarget section */
		40F1569016F6F22100999E23 /* UniPayIII */ = {
			isa = PBXNativeTarget;
			buildConfigurationList = 40F156B216F6F22100999E23 /* Build configuration list for PBXNativeTarget "UniPayIII" */;
			buildPhases = (
				40F1568D16F6F22100999E23 /* Sources */,
				40F1568E16F6F22100999E23 /* Frameworks */,
				40F1568F16F6F22100999E23 /* Resources */,
				E77A565F1FFE547A00261158 /* Embed Frameworks */,
			);
			buildRules = (
			);
			dependencies = (
			);
			name = UniPayIII;
			productName = BTPay200;
			productReference = 40F1569116F6F22100999E23 /* UniPayIII.app */;
			productType = "com.apple.product-type.application";
		};
/* End PBXNativeTarget section */

/* Begin PBXProject section */
		40F1568816F6F22100999E23 /* Project object */ = {
			isa = PBXProject;
			attributes = {
				LastUpgradeCheck = 0920;
				TargetAttributes = {
					40F1569016F6F22100999E23 = {
						DevelopmentTeam = S7H96J5U5C;
						ProvisioningStyle = Automatic;
					};
				};
			};
			buildConfigurationList = 40F1568B16F6F22100999E23 /* Build configuration list for PBXProject "UniPayIII" */;
			compatibilityVersion = "Xcode 3.2";
			developmentRegion = English;
			hasScannedForEncodings = 0;
			knownRegions = (
				en,
			);
			mainGroup = 40F1568616F6F22100999E23;
			productRefGroup = 40F1569216F6F22100999E23 /* Products */;
			projectDirPath = "";
			projectRoot = "";
			targets = (
				40F1569016F6F22100999E23 /* UniPayIII */,
			);
		};
/* End PBXProject section */

/* Begin PBXResourcesBuildPhase section */
		40F1568F16F6F22100999E23 /* Resources */ = {
			isa = PBXResourcesBuildPhase;
			buildActionMask = 2147483647;
			files = (
				253E80F51AC249EC00AB2D07 /* Images.xcassets in Resources */,
				2502F7331986B189000BE09A /* InfoPlist.strings in Resources */,
				2502F7391986B1A7000BE09A /* ViewController_iPhone.xib in Resources */,
				2502F7521986B1C8000BE09A /* icon.png in Resources */,
				2502F74A1986B1C8000BE09A /* Default-568h@2x.png in Resources */,
				2502F74B1986B1C8000BE09A /* Default-Portrait.png in Resources */,
				2502F74D1986B1C8000BE09A /* Default.png in Resources */,
				2502F7581986C3E2000BE09A /* 3591.png in Resources */,
				2502F74E1986B1C8000BE09A /* Default@2x.png in Resources */,
				2502F74C1986B1C8000BE09A /* Default-Portrait@2x.png in Resources */,
				2502F7591986C3E2000BE09A /* 2531170_191716885000_2.jpg in Resources */,
				2502F7531986B1C8000BE09A /* Icon@2x.png in Resources */,
				2502F7381986B1A7000BE09A /* ViewController_iPad.xib in Resources */,
				2502F74F1986B1C8000BE09A /* Icon-72.png in Resources */,
				2502F7481986B1C8000BE09A /* btnClear.png in Resources */,
			);
			runOnlyForDeploymentPostprocessing = 0;
		};
/* End PBXResourcesBuildPhase section */

/* Begin PBXSourcesBuildPhase section */
		40F1568D16F6F22100999E23 /* Sources */ = {
			isa = PBXSourcesBuildPhase;
			buildActionMask = 2147483647;
			files = (
				2502F7281986B13B000BE09A /* AppDelegate.m in Sources */,
				2502F72E1986B14D000BE09A /* main.m in Sources */,
				2502F7301986B14D000BE09A /* ViewController.m in Sources */,
			);
			runOnlyForDeploymentPostprocessing = 0;
		};
/* End PBXSourcesBuildPhase section */

/* Begin PBXVariantGroup section */
		2502F7311986B189000BE09A /* InfoPlist.strings */ = {
			isa = PBXVariantGroup;
			children = (
				2502F7321986B189000BE09A /* en */,
			);
			name = InfoPlist.strings;
			sourceTree = "<group>";
		};
		2502F7341986B1A7000BE09A /* ViewController_iPad.xib */ = {
			isa = PBXVariantGroup;
			children = (
				2502F7351986B1A7000BE09A /* en */,
			);
			name = ViewController_iPad.xib;
			path = Bin_File;
			sourceTree = "<group>";
		};
		2502F7361986B1A7000BE09A /* ViewController_iPhone.xib */ = {
			isa = PBXVariantGroup;
			children = (
				2502F7371986B1A7000BE09A /* en */,
			);
			name = ViewController_iPhone.xib;
			path = Bin_File;
			sourceTree = "<group>";
		};
/* End PBXVariantGroup section */

/* Begin XCBuildConfiguration section */
		40F156B016F6F22100999E23 /* Debug */ = {
			isa = XCBuildConfiguration;
			buildSettings = {
				ALWAYS_SEARCH_USER_PATHS = NO;
				CLANG_WARN_BLOCK_CAPTURE_AUTORELEASING = YES;
				CLANG_WARN_BOOL_CONVERSION = YES;
				CLANG_WARN_COMMA = YES;
				CLANG_WARN_CONSTANT_CONVERSION = YES;
				CLANG_WARN_EMPTY_BODY = YES;
				CLANG_WARN_ENUM_CONVERSION = YES;
				CLANG_WARN_INFINITE_RECURSION = YES;
				CLANG_WARN_INT_CONVERSION = YES;
				CLANG_WARN_NON_LITERAL_NULL_CONVERSION = YES;
				CLANG_WARN_OBJC_LITERAL_CONVERSION = YES;
				CLANG_WARN_RANGE_LOOP_ANALYSIS = YES;
				CLANG_WARN_STRICT_PROTOTYPES = YES;
				CLANG_WARN_SUSPICIOUS_MOVE = YES;
				CLANG_WARN_UNREACHABLE_CODE = YES;
				CLANG_WARN__DUPLICATE_METHOD_MATCH = YES;
				CODE_SIGN_IDENTITY = "iPhone Developer";
				COPY_PHASE_STRIP = NO;
				ENABLE_STRICT_OBJC_MSGSEND = YES;
				ENABLE_TESTABILITY = YES;
				GCC_C_LANGUAGE_STANDARD = gnu99;
				GCC_DYNAMIC_NO_PIC = NO;
				GCC_NO_COMMON_BLOCKS = YES;
				GCC_OPTIMIZATION_LEVEL = 0;
				GCC_PREPROCESSOR_DEFINITIONS = (
					"DEBUG=1",
					"$(inherited)",
				);
				GCC_SYMBOLS_PRIVATE_EXTERN = NO;
				GCC_VERSION = com.apple.compilers.llvm.clang.1_0;
				GCC_WARN_64_TO_32_BIT_CONVERSION = YES;
				GCC_WARN_ABOUT_RETURN_TYPE = YES;
				GCC_WARN_UNDECLARED_SELECTOR = YES;
				GCC_WARN_UNINITIALIZED_AUTOS = YES;
				GCC_WARN_UNUSED_FUNCTION = YES;
				GCC_WARN_UNUSED_VARIABLE = YES;
				IPHONEOS_DEPLOYMENT_TARGET = 8.0;
				ONLY_ACTIVE_ARCH = YES;
				PROVISIONING_PROFILE = "";
				SDKROOT = iphoneos;
				TARGETED_DEVICE_FAMILY = "1,2";
				VALID_ARCHS = "armv7 armv7s";
			};
			name = Debug;
		};
		40F156B116F6F22100999E23 /* Release */ = {
			isa = XCBuildConfiguration;
			buildSettings = {
				ALWAYS_SEARCH_USER_PATHS = NO;
				CLANG_WARN_BLOCK_CAPTURE_AUTORELEASING = YES;
				CLANG_WARN_BOOL_CONVERSION = YES;
				CLANG_WARN_COMMA = YES;
				CLANG_WARN_CONSTANT_CONVERSION = YES;
				CLANG_WARN_EMPTY_BODY = YES;
				CLANG_WARN_ENUM_CONVERSION = YES;
				CLANG_WARN_INFINITE_RECURSION = YES;
				CLANG_WARN_INT_CONVERSION = YES;
				CLANG_WARN_NON_LITERAL_NULL_CONVERSION = YES;
				CLANG_WARN_OBJC_LITERAL_CONVERSION = YES;
				CLANG_WARN_RANGE_LOOP_ANALYSIS = YES;
				CLANG_WARN_STRICT_PROTOTYPES = YES;
				CLANG_WARN_SUSPICIOUS_MOVE = YES;
				CLANG_WARN_UNREACHABLE_CODE = YES;
				CLANG_WARN__DUPLICATE_METHOD_MATCH = YES;
				CODE_SIGN_IDENTITY = "iPhone Developer";
				COPY_PHASE_STRIP = YES;
				ENABLE_STRICT_OBJC_MSGSEND = YES;
				GCC_C_LANGUAGE_STANDARD = gnu99;
				GCC_NO_COMMON_BLOCKS = YES;
				GCC_VERSION = com.apple.compilers.llvm.clang.1_0;
				GCC_WARN_64_TO_32_BIT_CONVERSION = YES;
				GCC_WARN_ABOUT_RETURN_TYPE = YES;
				GCC_WARN_UNDECLARED_SELECTOR = YES;
				GCC_WARN_UNINITIALIZED_AUTOS = YES;
				GCC_WARN_UNUSED_FUNCTION = YES;
				GCC_WARN_UNUSED_VARIABLE = YES;
				IPHONEOS_DEPLOYMENT_TARGET = 8.0;
				OTHER_CFLAGS = "-DNS_BLOCK_ASSERTIONS=1";
				PROVISIONING_PROFILE = "";
				SDKROOT = iphoneos;
				TARGETED_DEVICE_FAMILY = "1,2";
				VALIDATE_PRODUCT = YES;
				VALID_ARCHS = "armv7 armv7s";
			};
			name = Release;
		};
		40F156B316F6F22100999E23 /* Debug */ = {
			isa = XCBuildConfiguration;
			buildSettings = {
				ASSETCATALOG_COMPILER_APPICON_NAME = "AppIcon-4";
				ASSETCATALOG_COMPILER_LAUNCHIMAGE_NAME = "LaunchImage-3";
				CLANG_ENABLE_OBJC_ARC = YES;
				CODE_SIGN_IDENTITY = "iPhone Developer: Randy Palermo (TZ3376XJH2)";
				"CODE_SIGN_IDENTITY[sdk=iphoneos*]" = "iPhone Developer";
				CODE_SIGN_STYLE = Automatic;
				DEVELOPMENT_TEAM = S7H96J5U5C;
				ENABLE_BITCODE = YES;
				FRAMEWORK_SEARCH_PATHS = "$(PROJECT_DIR)";
				GCC_PRECOMPILE_PREFIX_HEADER = YES;
				GCC_PREFIX_HEADER = "UniPay/UniPay-Prefix.pch";
				HEADER_SEARCH_PATHS = "";
				INFOPLIST_FILE = "UniPay/UniPay-Info.plist";
				IPHONEOS_DEPLOYMENT_TARGET = 11.2;
				LD_RUNPATH_SEARCH_PATHS = "$(inherited) @executable_path/Frameworks";
				LIBRARY_SEARCH_PATHS = (
					"$(inherited)",
					"$(PROJECT_DIR)/UniPay",
				);
				ONLY_ACTIVE_ARCH = YES;
				OTHER_CFLAGS = "";
				OTHER_LDFLAGS = "";
				PRODUCT_BUNDLE_IDENTIFIER = com.clearent.ClearentTester;
				PRODUCT_NAME = UniPayIII;
				PROVISIONING_PROFILE = "";
				PROVISIONING_PROFILE_SPECIFIER = "";
				TARGETED_DEVICE_FAMILY = "1,2";
				VALID_ARCHS = "arm64 armv7 armv7s";
				WRAPPER_EXTENSION = app;
			};
			name = Debug;
		};
		40F156B416F6F22100999E23 /* Release */ = {
			isa = XCBuildConfiguration;
			buildSettings = {
				ASSETCATALOG_COMPILER_APPICON_NAME = "AppIcon-4";
				ASSETCATALOG_COMPILER_LAUNCHIMAGE_NAME = "LaunchImage-3";
				CLANG_ENABLE_OBJC_ARC = YES;
				CODE_SIGN_IDENTITY = "iPhone Distribution: INTERNATIONAL TECHNOLOGIES & SYSTEMS CORPORATION";
				"CODE_SIGN_IDENTITY[sdk=iphoneos*]" = "iPhone Developer";
				CODE_SIGN_STYLE = Automatic;
				DEVELOPMENT_TEAM = S7H96J5U5C;
				ENABLE_BITCODE = YES;
				FRAMEWORK_SEARCH_PATHS = "$(PROJECT_DIR)";
				GCC_PRECOMPILE_PREFIX_HEADER = YES;
				GCC_PREFIX_HEADER = "UniPay/UniPay-Prefix.pch";
				HEADER_SEARCH_PATHS = "";
				INFOPLIST_FILE = "UniPay/UniPay-Info.plist";
				IPHONEOS_DEPLOYMENT_TARGET = 11.2;
				LD_RUNPATH_SEARCH_PATHS = "$(inherited) @executable_path/Frameworks";
				LIBRARY_SEARCH_PATHS = (
					"$(inherited)",
					"$(PROJECT_DIR)/UniPay",
				);
				ONLY_ACTIVE_ARCH = YES;
				OTHER_CFLAGS = "";
				OTHER_LDFLAGS = "";
				PRODUCT_BUNDLE_IDENTIFIER = com.clearent.ClearentTester;
				PRODUCT_NAME = UniPayIII;
				PROVISIONING_PROFILE = "";
				PROVISIONING_PROFILE_SPECIFIER = "";
				TARGETED_DEVICE_FAMILY = "1,2";
				VALID_ARCHS = "arm64 armv7 armv7s";
				WRAPPER_EXTENSION = app;
			};
			name = Release;
		};
/* End XCBuildConfiguration section */

/* Begin XCConfigurationList section */
		40F1568B16F6F22100999E23 /* Build configuration list for PBXProject "UniPayIII" */ = {
			isa = XCConfigurationList;
			buildConfigurations = (
				40F156B016F6F22100999E23 /* Debug */,
				40F156B116F6F22100999E23 /* Release */,
			);
			defaultConfigurationIsVisible = 0;
			defaultConfigurationName = Release;
		};
		40F156B216F6F22100999E23 /* Build configuration list for PBXNativeTarget "UniPayIII" */ = {
			isa = XCConfigurationList;
			buildConfigurations = (
				40F156B316F6F22100999E23 /* Debug */,
				40F156B416F6F22100999E23 /* Release */,
			);
			defaultConfigurationIsVisible = 0;
			defaultConfigurationName = Release;
		};
/* End XCConfigurationList section */
	};
	rootObject = 40F1568816F6F22100999E23 /* Project object */;
}
